<?xml version="1.0" encoding="utf-8"?>
<Project ToolsVersion="4.0" xmlns="http://schemas.microsoft.com/developer/msbuild/2003">
  <ItemGroup>
    <Filter Include="Source">
      <UniqueIdentifier>{4FC737F1-C7A5-4376-A066-2A32D752A2FF}</UniqueIdentifier>
      <Extensions>cpp;c;cc;cxx;c++;cppm;ixx;def;odl;idl;hpj;bat;asm;asmx</Extensions>
    </Filter>
    <Filter Include="Include">
      <UniqueIdentifier>{d1f5ac01-9bac-461e-b60a-4d1d95c1a653}</UniqueIdentifier>
    </Filter>
    <Filter Include="Include\ImGui">
      <UniqueIdentifier>{7b2270dc-69b7-4784-8db7-61f0ee3d462d}</UniqueIdentifier>
    </Filter>
    <Filter Include="Headers">
      <UniqueIdentifier>{93995380-89BD-4b04-88EB-625FBE52EBFB}</UniqueIdentifier>
      <Extensions>h;hh;hpp;hxx;h++;hm;inl;inc;ipp;xsd</Extensions>
    </Filter>
    <Filter Include="Data">
      <UniqueIdentifier>{05dacaa0-c26c-4eff-9439-c5ee4959f956}</UniqueIdentifier>
    </Filter>
  </ItemGroup>
  <ItemGroup>
    <ClCompile Include="main.cpp">
      <Filter>Source</Filter>
    </ClCompile>
    <ClCompile Include="UI.cpp">
      <Filter>Source</Filter>
    </ClCompile>
    <ClCompile Include="Drawing.cpp">
      <Filter>Source</Filter>
    </ClCompile>
    <ClCompile Include="PalleteEditor.cpp">
      <Filter>Source</Filter>
    </ClCompile>
    <ClCompile Include="Data\TableReader.cpp">
      <Filter>Data</Filter>
    </ClCompile>
    <ClCompile Include="Include\tinyfiledialogs.c">
      <Filter>Include</Filter>
    </ClCompile>
    <ClCompile Include="Memory.cpp">
      <Filter>Source</Filter>
    </ClCompile>
    <ClCompile Include="Data\PalleteFiles.cpp">
      <Filter>Data</Filter>
    </ClCompile>
    <ClCompile Include="Data\GroupJSONFile.cpp">
      <Filter>Data</Filter>
    </ClCompile>
    <ClCompile Include="Config.cpp">
      <Filter>Source</Filter>
    </ClCompile>
    <ClCompile Include="Auto-Load-Pallete.cpp">
      <Filter>Source</Filter>
    </ClCompile>
    <ClCompile Include="Include\ImGui\imgui.cpp">
      <Filter>Include\ImGui</Filter>
    </ClCompile>
    <ClCompile Include="Include\ImGui\imgui_draw.cpp">
      <Filter>Include\ImGui</Filter>
    </ClCompile>
    <ClCompile Include="Include\ImGui\imgui_impl_dx11.cpp">
      <Filter>Include\ImGui</Filter>
    </ClCompile>
    <ClCompile Include="Include\ImGui\imgui_impl_win32.cpp">
      <Filter>Include\ImGui</Filter>
    </ClCompile>
    <ClCompile Include="Include\ImGui\imgui_tables.cpp">
      <Filter>Include\ImGui</Filter>
    </ClCompile>
    <ClCompile Include="Include\ImGui\imgui_widgets.cpp">
      <Filter>Include\ImGui</Filter>
    </ClCompile>
    <ClCompile Include="ColorWheel.cpp">
      <Filter>Source</Filter>
    </ClCompile>
  </ItemGroup>
  <ItemGroup>
    <ClInclude Include="UI.h">
      <Filter>Headers</Filter>
    </ClInclude>
    <ClInclude Include="Drawing.h">
      <Filter>Headers</Filter>
    </ClInclude>
    <ClInclude Include="pch.h">
      <Filter>Headers</Filter>
    </ClInclude>
    <ClInclude Include="PalleteEditor.h">
      <Filter>Source</Filter>
    </ClInclude>
    <ClInclude Include="Data\TableReader.h">
      <Filter>Data</Filter>
    </ClInclude>
    <ClInclude Include="Include\tinyfiledialogs.h">
      <Filter>Include</Filter>
    </ClInclude>
    <ClInclude Include="FileLoad.h">
      <Filter>Headers</Filter>
    </ClInclude>
    <ClInclude Include="Memory.h">
      <Filter>Headers</Filter>
    </ClInclude>
    <ClInclude Include="Utills.hpp">
      <Filter>Source</Filter>
    </ClInclude>
    <ClInclude Include="Character.h">
      <Filter>Headers</Filter>
    </ClInclude>
    <ClInclude Include="Data\PalleteFiles.h">
      <Filter>Data</Filter>
    </ClInclude>
    <ClInclude Include="Data\GroupJSONFiles.h">
      <Filter>Data</Filter>
    </ClInclude>
    <ClInclude Include="Include\json.hpp">
      <Filter>Include</Filter>
    </ClInclude>
    <ClInclude Include="StyleImGui.h">
      <Filter>Headers</Filter>
    </ClInclude>
    <ClInclude Include="Config.h">
      <Filter>Headers</Filter>
    </ClInclude>
    <ClInclude Include="resource.h">
      <Filter>Headers</Filter>
    </ClInclude>
    <ClInclude Include="Auto-Load-Pallete.h">
      <Filter>Headers</Filter>
    </ClInclude>
    <ClInclude Include="Include\ImGui\imconfig.h">
      <Filter>Include\ImGui</Filter>
    </ClInclude>
    <ClInclude Include="Include\ImGui\imgui.h">
      <Filter>Include\ImGui</Filter>
    </ClInclude>
    <ClInclude Include="Include\ImGui\imgui_impl_dx11.h">
      <Filter>Include\ImGui</Filter>
    </ClInclude>
    <ClInclude Include="Include\ImGui\imgui_impl_win32.h">
      <Filter>Include\ImGui</Filter>
    </ClInclude>
    <ClInclude Include="Include\ImGui\imgui_internal.h">
      <Filter>Include\ImGui</Filter>
    </ClInclude>
    <ClInclude Include="Include\ImGui\imstb_rectpack.h">
      <Filter>Include\ImGui</Filter>
    </ClInclude>
    <ClInclude Include="Include\ImGui\imstb_textedit.h">
      <Filter>Include\ImGui</Filter>
    </ClInclude>
    <ClInclude Include="Include\ImGui\imstb_truetype.h">
      <Filter>Include\ImGui</Filter>
    </ClInclude>
    <ClInclude Include="ColorWheel.h">
      <Filter>Headers</Filter>
    </ClInclude>
  </ItemGroup>
  <ItemGroup>
    <None Include="TODO.md">
      <Filter>Source</Filter>
    </None>
    <None Include="CHANGELOG.md">
      <Filter>Source</Filter>
    </None>
  </ItemGroup>
  <ItemGroup>
    <ResourceCompile Include="SkullGirls Pallete Editor 2nd Encore.rc" />
  </ItemGroup>
  <ItemGroup>
    <Image Include="icon.ico" />
  </ItemGroup>
</Project>